
Microsoft Visual Studio Solution File, Format Version 12.00
# Visual Studio 15
VisualStudioVersion = 15.0.28307.757
MinimumVisualStudioVersion = 10.0.40219.1
Project("{FAE04EC0-301F-11D3-BF4B-00C04F79EFBC}") = "OpenCollector-UI", "OpenCollector-UI\OpenCollector-UI.csproj", "{77B2E433-2788-4A2A-9BBA-0E99042874A8}"
EndProject
Global
	GlobalSection(SolutionConfigurationPlatforms) = preSolution
		Debug|Any CPU = Debug|Any CPU
		Release|Any CPU = Release|Any CPU
	EndGlobalSection
	GlobalSection(ProjectConfigurationPlatforms) = postSolution
		{77B2E433-2788-4A2A-9BBA-0E99042874A8}.Debug|Any CPU.ActiveCfg = Debug|Any CPU
		{77B2E433-2788-4A2A-9BBA-0E99042874A8}.Debug|Any CPU.Build.0 = Debug|Any CPU
		{77B2E433-2788-4A2A-9BBA-0E99042874A8}.Release|Any CPU.ActiveCfg = Release|Any CPU
		{77B2E433-2788-4A2A-9BBA-0E99042874A8}.Release|Any CPU.Build.0 = Release|Any CPU
	EndGlobalSection
	GlobalSection(SolutionProperties) = preSolution
		HideSolutionNode = FALSE
	EndGlobalSection
	GlobalSection(ExtensibilityGlobals) = postSolution
		SolutionGuid = {26D8AF90-CB91-4411-B561-3A9E4B6443E2}
	EndGlobalSection
EndGlobal
